// !$*UTF8*$!
{
	archiveVersion = 1;
	classes = {
	};
	objectVersion = 52;
	objects = {

/* Begin PBXBuildFile section */
		E72395AA2757A85700F0F2DE /* ViewpointView.swift in Sources */ = {isa = PBXBuildFile; fileRef = E72395A92757A85700F0F2DE /* ViewpointView.swift */; };
		E72395AF2757B0C100F0F2DE /* FindImageView.swift in Sources */ = {isa = PBXBuildFile; fileRef = E72395AE2757B0C100F0F2DE /* FindImageView.swift */; };
		E72395B12757C78400F0F2DE /* ArView.swift in Sources */ = {isa = PBXBuildFile; fileRef = E72395B02757C78400F0F2DE /* ArView.swift */; };
		E72395B42757C7E900F0F2DE /* toy_drummer.usdz in Resources */ = {isa = PBXBuildFile; fileRef = E72395B32757C7E900F0F2DE /* toy_drummer.usdz */; };
		E72395B62757CE9900F0F2DE /* ArController.swift in Sources */ = {isa = PBXBuildFile; fileRef = E72395B52757CE9900F0F2DE /* ArController.swift */; };
		E72395DB2758142600F0F2DE /* Launch Screen.storyboard in Resources */ = {isa = PBXBuildFile; fileRef = E72395DA2758142600F0F2DE /* Launch Screen.storyboard */; };
		E72395DD2758236B00F0F2DE /* ArModel.swift in Sources */ = {isa = PBXBuildFile; fileRef = E72395DC2758236B00F0F2DE /* ArModel.swift */; };
		E72395E027584ACD00F0F2DE /* FocusEntity in Frameworks */ = {isa = PBXBuildFile; productRef = E72395DF27584ACD00F0F2DE /* FocusEntity */; };
		E72395E227584F4100F0F2DE /* gramophone.usdz in Resources */ = {isa = PBXBuildFile; fileRef = E72395E127584F4000F0F2DE /* gramophone.usdz */; };
		E72395E427584FBA00F0F2DE /* toy_car.usdz in Resources */ = {isa = PBXBuildFile; fileRef = E72395E327584FBA00F0F2DE /* toy_car.usdz */; };
		E7778805275662CB0045B9D9 /* AppDelegate.swift in Sources */ = {isa = PBXBuildFile; fileRef = E7778804275662CB0045B9D9 /* AppDelegate.swift */; };
		E7778807275662CB0045B9D9 /* ContentView.swift in Sources */ = {isa = PBXBuildFile; fileRef = E7778806275662CB0045B9D9 /* ContentView.swift */; };
		E7778809275662CB0045B9D9 /* Experience.rcproject in Sources */ = {isa = PBXBuildFile; fileRef = E7778808275662CB0045B9D9 /* Experience.rcproject */; };
		E777880B275662CC0045B9D9 /* Assets.xcassets in Resources */ = {isa = PBXBuildFile; fileRef = E777880A275662CC0045B9D9 /* Assets.xcassets */; };
		E777880E275662CC0045B9D9 /* Preview Assets.xcassets in Resources */ = {isa = PBXBuildFile; fileRef = E777880D275662CC0045B9D9 /* Preview Assets.xcassets */; };
		E7778818275663D30045B9D9 /* CurrentLocationModel.swift in Sources */ = {isa = PBXBuildFile; fileRef = E7778815275663D30045B9D9 /* CurrentLocationModel.swift */; };
		E7778819275663D30045B9D9 /* RouteView.swift in Sources */ = {isa = PBXBuildFile; fileRef = E7778816275663D30045B9D9 /* RouteView.swift */; };
		E777881A275663D30045B9D9 /* ChapterView.swift in Sources */ = {isa = PBXBuildFile; fileRef = E7778817275663D30045B9D9 /* ChapterView.swift */; };
/* End PBXBuildFile section */

/* Begin PBXFileReference section */
		E72395A92757A85700F0F2DE /* ViewpointView.swift */ = {isa = PBXFileReference; lastKnownFileType = sourcecode.swift; path = ViewpointView.swift; sourceTree = "<group>"; };
		E72395AE2757B0C100F0F2DE /* FindImageView.swift */ = {isa = PBXFileReference; lastKnownFileType = sourcecode.swift; path = FindImageView.swift; sourceTree = "<group>"; };
		E72395B02757C78400F0F2DE /* ArView.swift */ = {isa = PBXFileReference; lastKnownFileType = sourcecode.swift; path = ArView.swift; sourceTree = "<group>"; };
		E72395B32757C7E900F0F2DE /* toy_drummer.usdz */ = {isa = PBXFileReference; lastKnownFileType = file.usdz; path = toy_drummer.usdz; sourceTree = "<group>"; };
		E72395B52757CE9900F0F2DE /* ArController.swift */ = {isa = PBXFileReference; lastKnownFileType = sourcecode.swift; path = ArController.swift; sourceTree = "<group>"; };
		E72395DA2758142600F0F2DE /* Launch Screen.storyboard */ = {isa = PBXFileReference; lastKnownFileType = file.storyboard; path = "Launch Screen.storyboard"; sourceTree = "<group>"; };
		E72395DC2758236B00F0F2DE /* ArModel.swift */ = {isa = PBXFileReference; lastKnownFileType = sourcecode.swift; path = ArModel.swift; sourceTree = "<group>"; };
		E72395E127584F4000F0F2DE /* gramophone.usdz */ = {isa = PBXFileReference; lastKnownFileType = file.usdz; path = gramophone.usdz; sourceTree = "<group>"; };
		E72395E327584FBA00F0F2DE /* toy_car.usdz */ = {isa = PBXFileReference; lastKnownFileType = file.usdz; path = toy_car.usdz; sourceTree = "<group>"; };
		E7778801275662CB0045B9D9 /* passionproject_jaridhaenens_onismo.app */ = {isa = PBXFileReference; explicitFileType = wrapper.application; includeInIndex = 0; path = passionproject_jaridhaenens_onismo.app; sourceTree = BUILT_PRODUCTS_DIR; };
		E7778804275662CB0045B9D9 /* AppDelegate.swift */ = {isa = PBXFileReference; lastKnownFileType = sourcecode.swift; path = AppDelegate.swift; sourceTree = "<group>"; };
		E7778806275662CB0045B9D9 /* ContentView.swift */ = {isa = PBXFileReference; lastKnownFileType = sourcecode.swift; path = ContentView.swift; sourceTree = "<group>"; };
		E7778808275662CB0045B9D9 /* Experience.rcproject */ = {isa = PBXFileReference; lastKnownFileType = file.rcproject; path = Experience.rcproject; sourceTree = "<group>"; };
		E777880A275662CC0045B9D9 /* Assets.xcassets */ = {isa = PBXFileReference; lastKnownFileType = folder.assetcatalog; path = Assets.xcassets; sourceTree = "<group>"; };
		E777880D275662CC0045B9D9 /* Preview Assets.xcassets */ = {isa = PBXFileReference; lastKnownFileType = folder.assetcatalog; path = "Preview Assets.xcassets"; sourceTree = "<group>"; };
		E777880F275662CC0045B9D9 /* Info.plist */ = {isa = PBXFileReference; lastKnownFileType = text.plist.xml; path = Info.plist; sourceTree = "<group>"; };
		E7778815275663D30045B9D9 /* CurrentLocationModel.swift */ = {isa = PBXFileReference; fileEncoding = 4; lastKnownFileType = sourcecode.swift; path = CurrentLocationModel.swift; sourceTree = "<group>"; };
		E7778816275663D30045B9D9 /* RouteView.swift */ = {isa = PBXFileReference; fileEncoding = 4; lastKnownFileType = sourcecode.swift; path = RouteView.swift; sourceTree = "<group>"; };
		E7778817275663D30045B9D9 /* ChapterView.swift */ = {isa = PBXFileReference; fileEncoding = 4; lastKnownFileType = sourcecode.swift; path = ChapterView.swift; sourceTree = "<group>"; };
/* End PBXFileReference section */

/* Begin PBXFrameworksBuildPhase section */
		E77787FE275662CB0045B9D9 /* Frameworks */ = {
			isa = PBXFrameworksBuildPhase;
			buildActionMask = 2147483647;
			files = (
				E72395E027584ACD00F0F2DE /* FocusEntity in Frameworks */,
			);
			runOnlyForDeploymentPostprocessing = 0;
		};
/* End PBXFrameworksBuildPhase section */

/* Begin PBXGroup section */
		E72395AC2757B09A00F0F2DE /* Models */ = {
			isa = PBXGroup;
			children = (
				E7778815275663D30045B9D9 /* CurrentLocationModel.swift */,
			);
			path = Models;
			sourceTree = "<group>";
		};
		E72395AD2757B0A900F0F2DE /* Helpers */ = {
			isa = PBXGroup;
			children = (
				E72395AE2757B0C100F0F2DE /* FindImageView.swift */,
			);
			path = Helpers;
			sourceTree = "<group>";
		};
		E72395B22757C7D700F0F2DE /* AR Models */ = {
			isa = PBXGroup;
			children = (
				E72395E127584F4000F0F2DE /* gramophone.usdz */,
				E72395E327584FBA00F0F2DE /* toy_car.usdz */,
				E72395B32757C7E900F0F2DE /* toy_drummer.usdz */,
			);
			path = "AR Models";
			sourceTree = "<group>";
		};
		E77787F8275662CB0045B9D9 = {
			isa = PBXGroup;
			children = (
				E7778803275662CB0045B9D9 /* passionproject_jaridhaenens_onismo */,
				E7778802275662CB0045B9D9 /* Products */,
			);
			sourceTree = "<group>";
		};
		E7778802275662CB0045B9D9 /* Products */ = {
			isa = PBXGroup;
			children = (
				E7778801275662CB0045B9D9 /* passionproject_jaridhaenens_onismo.app */,
			);
			name = Products;
			sourceTree = "<group>";
		};
		E7778803275662CB0045B9D9 /* passionproject_jaridhaenens_onismo */ = {
			isa = PBXGroup;
			children = (
				E72395B22757C7D700F0F2DE /* AR Models */,
				E72395AD2757B0A900F0F2DE /* Helpers */,
				E72395AC2757B09A00F0F2DE /* Models */,
				E7778817275663D30045B9D9 /* ChapterView.swift */,
				E7778816275663D30045B9D9 /* RouteView.swift */,
				E72395A92757A85700F0F2DE /* ViewpointView.swift */,
				E72395B02757C78400F0F2DE /* ArView.swift */,
				E7778804275662CB0045B9D9 /* AppDelegate.swift */,
				E7778806275662CB0045B9D9 /* ContentView.swift */,
				E7778808275662CB0045B9D9 /* Experience.rcproject */,
				E777880A275662CC0045B9D9 /* Assets.xcassets */,
				E777880F275662CC0045B9D9 /* Info.plist */,
				E777880C275662CC0045B9D9 /* Preview Content */,
				E72395B52757CE9900F0F2DE /* ArController.swift */,
				E72395DA2758142600F0F2DE /* Launch Screen.storyboard */,
				E72395DC2758236B00F0F2DE /* ArModel.swift */,
			);
			path = passionproject_jaridhaenens_onismo;
			sourceTree = "<group>";
		};
		E777880C275662CC0045B9D9 /* Preview Content */ = {
			isa = PBXGroup;
			children = (
				E777880D275662CC0045B9D9 /* Preview Assets.xcassets */,
			);
			path = "Preview Content";
			sourceTree = "<group>";
		};
/* End PBXGroup section */

/* Begin PBXNativeTarget section */
		E7778800275662CB0045B9D9 /* passionproject_jaridhaenens_onismo */ = {
			isa = PBXNativeTarget;
			buildConfigurationList = E7778812275662CC0045B9D9 /* Build configuration list for PBXNativeTarget "passionproject_jaridhaenens_onismo" */;
			buildPhases = (
				E77787FD275662CB0045B9D9 /* Sources */,
				E77787FE275662CB0045B9D9 /* Frameworks */,
				E77787FF275662CB0045B9D9 /* Resources */,
			);
			buildRules = (
			);
			dependencies = (
			);
			name = passionproject_jaridhaenens_onismo;
			packageProductDependencies = (
				E72395DF27584ACD00F0F2DE /* FocusEntity */,
			);
			productName = passionproject_jaridhaenens_onismo;
			productReference = E7778801275662CB0045B9D9 /* passionproject_jaridhaenens_onismo.app */;
			productType = "com.apple.product-type.application";
		};
/* End PBXNativeTarget section */

/* Begin PBXProject section */
		E77787F9275662CB0045B9D9 /* Project object */ = {
			isa = PBXProject;
			attributes = {
				LastSwiftUpdateCheck = 1250;
				LastUpgradeCheck = 1250;
				TargetAttributes = {
					E7778800275662CB0045B9D9 = {
						CreatedOnToolsVersion = 12.5.1;
					};
				};
			};
			buildConfigurationList = E77787FC275662CB0045B9D9 /* Build configuration list for PBXProject "passionproject_jaridhaenens_onismo" */;
			compatibilityVersion = "Xcode 9.3";
			developmentRegion = en;
			hasScannedForEncodings = 0;
			knownRegions = (
				en,
				Base,
			);
			mainGroup = E77787F8275662CB0045B9D9;
			packageReferences = (
				E72395DE27584ACD00F0F2DE /* XCRemoteSwiftPackageReference "FocusEntity" */,
			);
			productRefGroup = E7778802275662CB0045B9D9 /* Products */;
			projectDirPath = "";
			projectRoot = "";
			targets = (
				E7778800275662CB0045B9D9 /* passionproject_jaridhaenens_onismo */,
			);
		};
/* End PBXProject section */

/* Begin PBXResourcesBuildPhase section */
		E77787FF275662CB0045B9D9 /* Resources */ = {
			isa = PBXResourcesBuildPhase;
			buildActionMask = 2147483647;
			files = (
				E777880E275662CC0045B9D9 /* Preview Assets.xcassets in Resources */,
				E777880B275662CC0045B9D9 /* Assets.xcassets in Resources */,
				E72395DB2758142600F0F2DE /* Launch Screen.storyboard in Resources */,
				E72395B42757C7E900F0F2DE /* toy_drummer.usdz in Resources */,
				E72395E227584F4100F0F2DE /* gramophone.usdz in Resources */,
				E72395E427584FBA00F0F2DE /* toy_car.usdz in Resources */,
			);
			runOnlyForDeploymentPostprocessing = 0;
		};
/* End PBXResourcesBuildPhase section */

/* Begin PBXSourcesBuildPhase section */
		E77787FD275662CB0045B9D9 /* Sources */ = {
			isa = PBXSourcesBuildPhase;
			buildActionMask = 2147483647;
			files = (
				E7778807275662CB0045B9D9 /* ContentView.swift in Sources */,
				E7778819275663D30045B9D9 /* RouteView.swift in Sources */,
				E72395AF2757B0C100F0F2DE /* FindImageView.swift in Sources */,
				E777881A275663D30045B9D9 /* ChapterView.swift in Sources */,
				E7778805275662CB0045B9D9 /* AppDelegate.swift in Sources */,
				E7778818275663D30045B9D9 /* CurrentLocationModel.swift in Sources */,
				E72395DD2758236B00F0F2DE /* ArModel.swift in Sources */,
				E72395B12757C78400F0F2DE /* ArView.swift in Sources */,
				E7778809275662CB0045B9D9 /* Experience.rcproject in Sources */,
				E72395B62757CE9900F0F2DE /* ArController.swift in Sources */,
				E72395AA2757A85700F0F2DE /* ViewpointView.swift in Sources */,
			);
			runOnlyForDeploymentPostprocessing = 0;
		};
/* End PBXSourcesBuildPhase section */

/* Begin XCBuildConfiguration section */
		E7778810275662CC0045B9D9 /* Debug */ = {
			isa = XCBuildConfiguration;
			buildSettings = {
				ALWAYS_SEARCH_USER_PATHS = NO;
				CLANG_ANALYZER_NONNULL = YES;
				CLANG_ANALYZER_NUMBER_OBJECT_CONVERSION = YES_AGGRESSIVE;
				CLANG_CXX_LANGUAGE_STANDARD = "gnu++14";
				CLANG_CXX_LIBRARY = "libc++";
				CLANG_ENABLE_MODULES = YES;
				CLANG_ENABLE_OBJC_ARC = YES;
				CLANG_ENABLE_OBJC_WEAK = YES;
				CLANG_WARN_BLOCK_CAPTURE_AUTORELEASING = YES;
				CLANG_WARN_BOOL_CONVERSION = YES;
				CLANG_WARN_COMMA = YES;
				CLANG_WARN_CONSTANT_CONVERSION = YES;
				CLANG_WARN_DEPRECATED_OBJC_IMPLEMENTATIONS = YES;
				CLANG_WARN_DIRECT_OBJC_ISA_USAGE = YES_ERROR;
				CLANG_WARN_DOCUMENTATION_COMMENTS = YES;
				CLANG_WARN_EMPTY_BODY = YES;
				CLANG_WARN_ENUM_CONVERSION = YES;
				CLANG_WARN_INFINITE_RECURSION = YES;
				CLANG_WARN_INT_CONVERSION = YES;
				CLANG_WARN_NON_LITERAL_NULL_CONVERSION = YES;
				CLANG_WARN_OBJC_IMPLICIT_RETAIN_SELF = YES;
				CLANG_WARN_OBJC_LITERAL_CONVERSION = YES;
				CLANG_WARN_OBJC_ROOT_CLASS = YES_ERROR;
				CLANG_WARN_QUOTED_INCLUDE_IN_FRAMEWORK_HEADER = YES;
				CLANG_WARN_RANGE_LOOP_ANALYSIS = YES;
				CLANG_WARN_STRICT_PROTOTYPES = YES;
				CLANG_WARN_SUSPICIOUS_MOVE = YES;
				CLANG_WARN_UNGUARDED_AVAILABILITY = YES_AGGRESSIVE;
				CLANG_WARN_UNREACHABLE_CODE = YES;
				CLANG_WARN__DUPLICATE_METHOD_MATCH = YES;
				COPY_PHASE_STRIP = NO;
				DEBUG_INFORMATION_FORMAT = dwarf;
				ENABLE_STRICT_OBJC_MSGSEND = YES;
				ENABLE_TESTABILITY = YES;
				GCC_C_LANGUAGE_STANDARD = gnu11;
				GCC_DYNAMIC_NO_PIC = NO;
				GCC_NO_COMMON_BLOCKS = YES;
				GCC_OPTIMIZATION_LEVEL = 0;
				GCC_PREPROCESSOR_DEFINITIONS = (
					"DEBUG=1",
					"$(inherited)",
				);
				GCC_WARN_64_TO_32_BIT_CONVERSION = YES;
				GCC_WARN_ABOUT_RETURN_TYPE = YES_ERROR;
				GCC_WARN_UNDECLARED_SELECTOR = YES;
				GCC_WARN_UNINITIALIZED_AUTOS = YES_AGGRESSIVE;
				GCC_WARN_UNUSED_FUNCTION = YES;
				GCC_WARN_UNUSED_VARIABLE = YES;
				IPHONEOS_DEPLOYMENT_TARGET = 14.5;
				MTL_ENABLE_DEBUG_INFO = INCLUDE_SOURCE;
				MTL_FAST_MATH = YES;
				ONLY_ACTIVE_ARCH = YES;
				SDKROOT = iphoneos;
				SWIFT_ACTIVE_COMPILATION_CONDITIONS = DEBUG;
				SWIFT_OPTIMIZATION_LEVEL = "-Onone";
			};
			name = Debug;
		};
		E7778811275662CC0045B9D9 /* Release */ = {
			isa = XCBuildConfiguration;
			buildSettings = {
				ALWAYS_SEARCH_USER_PATHS = NO;
				CLANG_ANALYZER_NONNULL = YES;
				CLANG_ANALYZER_NUMBER_OBJECT_CONVERSION = YES_AGGRESSIVE;
				CLANG_CXX_LANGUAGE_STANDARD = "gnu++14";
				CLANG_CXX_LIBRARY = "libc++";
				CLANG_ENABLE_MODULES = YES;
				CLANG_ENABLE_OBJC_ARC = YES;
				CLANG_ENABLE_OBJC_WEAK = YES;
				CLANG_WARN_BLOCK_CAPTURE_AUTORELEASING = YES;
				CLANG_WARN_BOOL_CONVERSION = YES;
				CLANG_WARN_COMMA = YES;
				CLANG_WARN_CONSTANT_CONVERSION = YES;
				CLANG_WARN_DEPRECATED_OBJC_IMPLEMENTATIONS = YES;
				CLANG_WARN_DIRECT_OBJC_ISA_USAGE = YES_ERROR;
				CLANG_WARN_DOCUMENTATION_COMMENTS = YES;
				CLANG_WARN_EMPTY_BODY = YES;
				CLANG_WARN_ENUM_CONVERSION = YES;
				CLANG_WARN_INFINITE_RECURSION = YES;
				CLANG_WARN_INT_CONVERSION = YES;
				CLANG_WARN_NON_LITERAL_NULL_CONVERSION = YES;
				CLANG_WARN_OBJC_IMPLICIT_RETAIN_SELF = YES;
				CLANG_WARN_OBJC_LITERAL_CONVERSION = YES;
				CLANG_WARN_OBJC_ROOT_CLASS = YES_ERROR;
				CLANG_WARN_QUOTED_INCLUDE_IN_FRAMEWORK_HEADER = YES;
				CLANG_WARN_RANGE_LOOP_ANALYSIS = YES;
				CLANG_WARN_STRICT_PROTOTYPES = YES;
				CLANG_WARN_SUSPICIOUS_MOVE = YES;
				CLANG_WARN_UNGUARDED_AVAILABILITY = YES_AGGRESSIVE;
				CLANG_WARN_UNREACHABLE_CODE = YES;
				CLANG_WARN__DUPLICATE_METHOD_MATCH = YES;
				COPY_PHASE_STRIP = NO;
				DEBUG_INFORMATION_FORMAT = "dwarf-with-dsym";
				ENABLE_NS_ASSERTIONS = NO;
				ENABLE_STRICT_OBJC_MSGSEND = YES;
				GCC_C_LANGUAGE_STANDARD = gnu11;
				GCC_NO_COMMON_BLOCKS = YES;
				GCC_WARN_64_TO_32_BIT_CONVERSION = YES;
				GCC_WARN_ABOUT_RETURN_TYPE = YES_ERROR;
				GCC_WARN_UNDECLARED_SELECTOR = YES;
				GCC_WARN_UNINITIALIZED_AUTOS = YES_AGGRESSIVE;
				GCC_WARN_UNUSED_FUNCTION = YES;
				GCC_WARN_UNUSED_VARIABLE = YES;
				IPHONEOS_DEPLOYMENT_TARGET = 14.5;
				MTL_ENABLE_DEBUG_INFO = NO;
				MTL_FAST_MATH = YES;
				SDKROOT = iphoneos;
				SWIFT_COMPILATION_MODE = wholemodule;
				SWIFT_OPTIMIZATION_LEVEL = "-O";
				VALIDATE_PRODUCT = YES;
			};
			name = Release;
		};
		E7778813275662CC0045B9D9 /* Debug */ = {
			isa = XCBuildConfiguration;
			buildSettings = {
				ASSETCATALOG_COMPILER_APPICON_NAME = AppIcon;
				ASSETCATALOG_COMPILER_GLOBAL_ACCENT_COLOR_NAME = AccentColor;
				CODE_SIGN_STYLE = Automatic;
				DEVELOPMENT_ASSET_PATHS = "\"passionproject_jaridhaenens_onismo/Preview Content\"";
				DEVELOPMENT_TEAM = M67M9TNQBB;
				ENABLE_PREVIEWS = YES;
				INFOPLIST_FILE = passionproject_jaridhaenens_onismo/Info.plist;
				LD_RUNPATH_SEARCH_PATHS = (
					"$(inherited)",
					"@executable_path/Frameworks",
				);
				PRODUCT_BUNDLE_IDENTIFIER = "com.jaridhaenens.passionproject-jaridhaenens-onismo";
				PRODUCT_NAME = "$(TARGET_NAME)";
				SWIFT_VERSION = 5.0;
				TARGETED_DEVICE_FAMILY = "1,2";
			};
			name = Debug;
		};
		E7778814275662CC0045B9D9 /* Release */ = {
			isa = XCBuildConfiguration;
			buildSettings = {
				ASSETCATALOG_COMPILER_APPICON_NAME = AppIcon;
				ASSETCATALOG_COMPILER_GLOBAL_ACCENT_COLOR_NAME = AccentColor;
				CODE_SIGN_STYLE = Automatic;
				DEVELOPMENT_ASSET_PATHS = "\"passionproject_jaridhaenens_onismo/Preview Content\"";
				DEVELOPMENT_TEAM = M67M9TNQBB;
				ENABLE_PREVIEWS = YES;
				INFOPLIST_FILE = passionproject_jaridhaenens_onismo/Info.plist;
				LD_RUNPATH_SEARCH_PATHS = (
					"$(inherited)",
					"@executable_path/Frameworks",
				);
				PRODUCT_BUNDLE_IDENTIFIER = "com.jaridhaenens.passionproject-jaridhaenens-onismo";
				PRODUCT_NAME = "$(TARGET_NAME)";
				SWIFT_VERSION = 5.0;
				TARGETED_DEVICE_FAMILY = "1,2";
			};
			name = Release;
		};
/* End XCBuildConfiguration section */

/* Begin XCConfigurationList section */
		E77787FC275662CB0045B9D9 /* Build configuration list for PBXProject "passionproject_jaridhaenens_onismo" */ = {
			isa = XCConfigurationList;
			buildConfigurations = (
				E7778810275662CC0045B9D9 /* Debug */,
				E7778811275662CC0045B9D9 /* Release */,
			);
			defaultConfigurationIsVisible = 0;
			defaultConfigurationName = Release;
		};
		E7778812275662CC0045B9D9 /* Build configuration list for PBXNativeTarget "passionproject_jaridhaenens_onismo" */ = {
			isa = XCConfigurationList;
			buildConfigurations = (
				E7778813275662CC0045B9D9 /* Debug */,
				E7778814275662CC0045B9D9 /* Release */,
			);
			defaultConfigurationIsVisible = 0;
			defaultConfigurationName = Release;
		};
/* End XCConfigurationList section */

/* Begin XCRemoteSwiftPackageReference section */
		E72395DE27584ACD00F0F2DE /* XCRemoteSwiftPackageReference "FocusEntity" */ = {
			isa = XCRemoteSwiftPackageReference;
			repositoryURL = "https://github.com/maxxfrazer/FocusEntity";
			requirement = {
				kind = upToNextMajorVersion;
				minimumVersion = 2.2.4;
			};
		};
/* End XCRemoteSwiftPackageReference section */

/* Begin XCSwiftPackageProductDependency section */
		E72395DF27584ACD00F0F2DE /* FocusEntity */ = {
			isa = XCSwiftPackageProductDependency;
			package = E72395DE27584ACD00F0F2DE /* XCRemoteSwiftPackageReference "FocusEntity" */;
			productName = FocusEntity;
		};
/* End XCSwiftPackageProductDependency section */
	};
	rootObject = E77787F9275662CB0045B9D9 /* Project object */;
}
